// !$*UTF8*$!
{
	archiveVersion = 1;
	classes = {
	};
	objectVersion = 46;
	objects = {

/* Begin PBXBuildFile section */
		6661C88B1B5588490081E007 /* AppDelegate.swift in Sources */ = {isa = PBXBuildFile; fileRef = 6661C88A1B5588490081E007 /* AppDelegate.swift */; };
		6661C88D1B5588490081E007 /* ViewController.swift in Sources */ = {isa = PBXBuildFile; fileRef = 6661C88C1B5588490081E007 /* ViewController.swift */; };
		6661C8901B5588490081E007 /* Main.storyboard in Resources */ = {isa = PBXBuildFile; fileRef = 6661C88E1B5588490081E007 /* Main.storyboard */; };
		6661C8921B5588490081E007 /* Images.xcassets in Resources */ = {isa = PBXBuildFile; fileRef = 6661C8911B5588490081E007 /* Images.xcassets */; };
		6661C8951B5588490081E007 /* LaunchScreen.xib in Resources */ = {isa = PBXBuildFile; fileRef = 6661C8931B5588490081E007 /* LaunchScreen.xib */; };
		6661C8A11B5588490081E007 /* LaunchpadV1Tests.swift in Sources */ = {isa = PBXBuildFile; fileRef = 6661C8A01B5588490081E007 /* LaunchpadV1Tests.swift */; };
/* End PBXBuildFile section */

/* Begin PBXContainerItemProxy section */
		6661C89B1B5588490081E007 /* PBXContainerItemProxy */ = {
			isa = PBXContainerItemProxy;
			containerPortal = 6661C87D1B5588490081E007 /* Project object */;
			proxyType = 1;
			remoteGlobalIDString = 6661C8841B5588490081E007;
			remoteInfo = LaunchpadV1;
		};
/* End PBXContainerItemProxy section */

/* Begin PBXFileReference section */
		6661C8851B5588490081E007 /* LaunchpadV1.app */ = {isa = PBXFileReference; explicitFileType = wrapper.application; includeInIndex = 0; path = LaunchpadV1.app; sourceTree = BUILT_PRODUCTS_DIR; };
		6661C8891B5588490081E007 /* Info.plist */ = {isa = PBXFileReference; lastKnownFileType = text.plist.xml; path = Info.plist; sourceTree = "<group>"; };
		6661C88A1B5588490081E007 /* AppDelegate.swift */ = {isa = PBXFileReference; lastKnownFileType = sourcecode.swift; path = AppDelegate.swift; sourceTree = "<group>"; };
		6661C88C1B5588490081E007 /* ViewController.swift */ = {isa = PBXFileReference; lastKnownFileType = sourcecode.swift; path = ViewController.swift; sourceTree = "<group>"; };
		6661C88F1B5588490081E007 /* Base */ = {isa = PBXFileReference; lastKnownFileType = file.storyboard; name = Base; path = Base.lproj/Main.storyboard; sourceTree = "<group>"; };
		6661C8911B5588490081E007 /* Images.xcassets */ = {isa = PBXFileReference; lastKnownFileType = folder.assetcatalog; path = Images.xcassets; sourceTree = "<group>"; };
		6661C8941B5588490081E007 /* Base */ = {isa = PBXFileReference; lastKnownFileType = file.xib; name = Base; path = Base.lproj/LaunchScreen.xib; sourceTree = "<group>"; };
		6661C89A1B5588490081E007 /* LaunchpadV1Tests.xctest */ = {isa = PBXFileReference; explicitFileType = wrapper.cfbundle; includeInIndex = 0; path = LaunchpadV1Tests.xctest; sourceTree = BUILT_PRODUCTS_DIR; };
		6661C89F1B5588490081E007 /* Info.plist */ = {isa = PBXFileReference; lastKnownFileType = text.plist.xml; path = Info.plist; sourceTree = "<group>"; };
		6661C8A01B5588490081E007 /* LaunchpadV1Tests.swift */ = {isa = PBXFileReference; lastKnownFileType = sourcecode.swift; path = LaunchpadV1Tests.swift; sourceTree = "<group>"; };
/* End PBXFileReference section */

/* Begin PBXFrameworksBuildPhase section */
		6661C8821B5588490081E007 /* Frameworks */ = {
			isa = PBXFrameworksBuildPhase;
			buildActionMask = 2147483647;
			files = (
			);
			runOnlyForDeploymentPostprocessing = 0;
		};
		6661C8971B5588490081E007 /* Frameworks */ = {
			isa = PBXFrameworksBuildPhase;
			buildActionMask = 2147483647;
			files = (
			);
			runOnlyForDeploymentPostprocessing = 0;
		};
/* End PBXFrameworksBuildPhase section */

/* Begin PBXGroup section */
		6661C87C1B5588490081E007 = {
			isa = PBXGroup;
			children = (
				6661C8871B5588490081E007 /* LaunchpadV1 */,
				6661C89D1B5588490081E007 /* LaunchpadV1Tests */,
				6661C8861B5588490081E007 /* Products */,
			);
			sourceTree = "<group>";
		};
		6661C8861B5588490081E007 /* Products */ = {
			isa = PBXGroup;
			children = (
				6661C8851B5588490081E007 /* LaunchpadV1.app */,
				6661C89A1B5588490081E007 /* LaunchpadV1Tests.xctest */,
			);
			name = Products;
			sourceTree = "<group>";
		};
		6661C8871B5588490081E007 /* LaunchpadV1 */ = {
			isa = PBXGroup;
			children = (
				6661C88A1B5588490081E007 /* AppDelegate.swift */,
				6661C88C1B5588490081E007 /* ViewController.swift */,
				6661C88E1B5588490081E007 /* Main.storyboard */,
				6661C8911B5588490081E007 /* Images.xcassets */,
				6661C8931B5588490081E007 /* LaunchScreen.xib */,
				6661C8881B5588490081E007 /* Supporting Files */,
			);
			path = LaunchpadV1;
			sourceTree = "<group>";
		};
		6661C8881B5588490081E007 /* Supporting Files */ = {
			isa = PBXGroup;
			children = (
				6661C8891B5588490081E007 /* Info.plist */,
			);
			name = "Supporting Files";
			sourceTree = "<group>";
		};
		6661C89D1B5588490081E007 /* LaunchpadV1Tests */ = {
			isa = PBXGroup;
			children = (
				6661C8A01B5588490081E007 /* LaunchpadV1Tests.swift */,
				6661C89E1B5588490081E007 /* Supporting Files */,
			);
			path = LaunchpadV1Tests;
			sourceTree = "<group>";
		};
		6661C89E1B5588490081E007 /* Supporting Files */ = {
			isa = PBXGroup;
			children = (
				6661C89F1B5588490081E007 /* Info.plist */,
			);
			name = "Supporting Files";
			sourceTree = "<group>";
		};
/* End PBXGroup section */

/* Begin PBXNativeTarget section */
		6661C8841B5588490081E007 /* LaunchpadV1 */ = {
			isa = PBXNativeTarget;
			buildConfigurationList = 6661C8A41B5588490081E007 /* Build configuration list for PBXNativeTarget "LaunchpadV1" */;
			buildPhases = (
				6661C8811B5588490081E007 /* Sources */,
				6661C8821B5588490081E007 /* Frameworks */,
				6661C8831B5588490081E007 /* Resources */,
			);
			buildRules = (
			);
			dependencies = (
			);
			name = LaunchpadV1;
			productName = LaunchpadV1;
			productReference = 6661C8851B5588490081E007 /* LaunchpadV1.app */;
			productType = "com.apple.product-type.application";
		};
		6661C8991B5588490081E007 /* LaunchpadV1Tests */ = {
			isa = PBXNativeTarget;
			buildConfigurationList = 6661C8A71B5588490081E007 /* Build configuration list for PBXNativeTarget "LaunchpadV1Tests" */;
			buildPhases = (
				6661C8961B5588490081E007 /* Sources */,
				6661C8971B5588490081E007 /* Frameworks */,
				6661C8981B5588490081E007 /* Resources */,
			);
			buildRules = (
			);
			dependencies = (
				6661C89C1B5588490081E007 /* PBXTargetDependency */,
			);
			name = LaunchpadV1Tests;
			productName = LaunchpadV1Tests;
			productReference = 6661C89A1B5588490081E007 /* LaunchpadV1Tests.xctest */;
			productType = "com.apple.product-type.bundle.unit-test";
		};
/* End PBXNativeTarget section */

/* Begin PBXProject section */
		6661C87D1B5588490081E007 /* Project object */ = {
			isa = PBXProject;
			attributes = {
				LastSwiftUpdateCheck = 0720;
				LastUpgradeCheck = 0720;
				ORGANIZATIONNAME = "Rajaraman Mahalingan";
				TargetAttributes = {
					6661C8841B5588490081E007 = {
						CreatedOnToolsVersion = 6.4;
						DevelopmentTeam = F6KJ29MGWM;
					};
					6661C8991B5588490081E007 = {
						CreatedOnToolsVersion = 6.4;
						TestTargetID = 6661C8841B5588490081E007;
					};
				};
			};
			buildConfigurationList = 6661C8801B5588490081E007 /* Build configuration list for PBXProject "LaunchpadV1" */;
			compatibilityVersion = "Xcode 3.2";
			developmentRegion = English;
			hasScannedForEncodings = 0;
			knownRegions = (
				en,
				Base,
			);
			mainGroup = 6661C87C1B5588490081E007;
			productRefGroup = 6661C8861B5588490081E007 /* Products */;
			projectDirPath = "";
			projectRoot = "";
			targets = (
				6661C8841B5588490081E007 /* LaunchpadV1 */,
				6661C8991B5588490081E007 /* LaunchpadV1Tests */,
			);
		};
/* End PBXProject section */

/* Begin PBXResourcesBuildPhase section */
		6661C8831B5588490081E007 /* Resources */ = {
			isa = PBXResourcesBuildPhase;
			buildActionMask = 2147483647;
			files = (
				6661C8901B5588490081E007 /* Main.storyboard in Resources */,
				6661C8951B5588490081E007 /* LaunchScreen.xib in Resources */,
				6661C8921B5588490081E007 /* Images.xcassets in Resources */,
			);
			runOnlyForDeploymentPostprocessing = 0;
		};
		6661C8981B5588490081E007 /* Resources */ = {
			isa = PBXResourcesBuildPhase;
			buildActionMask = 2147483647;
			files = (
			);
			runOnlyForDeploymentPostprocessing = 0;
		};
/* End PBXResourcesBuildPhase section */

/* Begin PBXSourcesBuildPhase section */
		6661C8811B5588490081E007 /* Sources */ = {
			isa = PBXSourcesBuildPhase;
			buildActionMask = 2147483647;
			files = (
				6661C88D1B5588490081E007 /* ViewController.swift in Sources */,
				6661C88B1B5588490081E007 /* AppDelegate.swift in Sources */,
			);
			runOnlyForDeploymentPostprocessing = 0;
		};
		6661C8961B5588490081E007 /* Sources */ = {
			isa = PBXSourcesBuildPhase;
			buildActionMask = 2147483647;
			files = (
				6661C8A11B5588490081E007 /* LaunchpadV1Tests.swift in Sources */,
			);
			runOnlyForDeploymentPostprocessing = 0;
		};
/* End PBXSourcesBuildPhase section */

/* Begin PBXTargetDependency section */
		6661C89C1B5588490081E007 /* PBXTargetDependency */ = {
			isa = PBXTargetDependency;
			target = 6661C8841B5588490081E007 /* LaunchpadV1 */;
			targetProxy = 6661C89B1B5588490081E007 /* PBXContainerItemProxy */;
		};
/* End PBXTargetDependency section */

/* Begin PBXVariantGroup section */
		6661C88E1B5588490081E007 /* Main.storyboard */ = {
			isa = PBXVariantGroup;
			children = (
				6661C88F1B5588490081E007 /* Base */,
			);
			name = Main.storyboard;
			sourceTree = "<group>";
		};
		6661C8931B5588490081E007 /* LaunchScreen.xib */ = {
			isa = PBXVariantGroup;
			children = (
				6661C8941B5588490081E007 /* Base */,
			);
			name = LaunchScreen.xib;
			sourceTree = "<group>";
		};
/* End PBXVariantGroup section */

/* Begin XCBuildConfiguration section */
		6661C8A21B5588490081E007 /* Debug */ = {
			isa = XCBuildConfiguration;
			buildSettings = {
				ALWAYS_SEARCH_USER_PATHS = NO;
				CLANG_CXX_LANGUAGE_STANDARD = "gnu++0x";
				CLANG_CXX_LIBRARY = "libc++";
				CLANG_ENABLE_MODULES = YES;
				CLANG_ENABLE_OBJC_ARC = YES;
				CLANG_WARN_BOOL_CONVERSION = YES;
				CLANG_WARN_CONSTANT_CONVERSION = YES;
				CLANG_WARN_DIRECT_OBJC_ISA_USAGE = YES_ERROR;
				CLANG_WARN_EMPTY_BODY = YES;
				CLANG_WARN_ENUM_CONVERSION = YES;
				CLANG_WARN_INT_CONVERSION = YES;
				CLANG_WARN_OBJC_ROOT_CLASS = YES_ERROR;
				CLANG_WARN_UNREACHABLE_CODE = YES;
				CLANG_WARN__DUPLICATE_METHOD_MATCH = YES;
				"CODE_SIGN_IDENTITY[sdk=iphoneos*]" = "iPhone Developer";
				COPY_PHASE_STRIP = NO;
				DEBUG_INFORMATION_FORMAT = "dwarf-with-dsym";
				ENABLE_STRICT_OBJC_MSGSEND = YES;
				ENABLE_TESTABILITY = YES;
				GCC_C_LANGUAGE_STANDARD = gnu99;
				GCC_DYNAMIC_NO_PIC = NO;
				GCC_NO_COMMON_BLOCKS = YES;
				GCC_OPTIMIZATION_LEVEL = 0;
				GCC_PREPROCESSOR_DEFINITIONS = (
					"DEBUG=1",
					"$(inherited)",
				);
				GCC_SYMBOLS_PRIVATE_EXTERN = NO;
				GCC_WARN_64_TO_32_BIT_CONVERSION = YES;
				GCC_WARN_ABOUT_RETURN_TYPE = YES_ERROR;
				GCC_WARN_UNDECLARED_SELECTOR = YES;
				GCC_WARN_UNINITIALIZED_AUTOS = YES_AGGRESSIVE;
				GCC_WARN_UNUSED_FUNCTION = YES;
				GCC_WARN_UNUSED_VARIABLE = YES;
				IPHONEOS_DEPLOYMENT_TARGET = 8.4;
				MTL_ENABLE_DEBUG_INFO = YES;
				ONLY_ACTIVE_ARCH = YES;
				SDKROOT = iphoneos;
				SWIFT_OPTIMIZATION_LEVEL = "-Onone";
				TARGETED_DEVICE_FAMILY = "1,2";
			};
			name = Debug;
		};
		6661C8A31B5588490081E007 /* Release */ = {
			isa = XCBuildConfiguration;
			buildSettings = {
				ALWAYS_SEARCH_USER_PATHS = NO;
				CLANG_CXX_LANGUAGE_STANDARD = "gnu++0x";
				CLANG_CXX_LIBRARY = "libc++";
				CLANG_ENABLE_MODULES = YES;
				CLANG_ENABLE_OBJC_ARC = YES;
				CLANG_WARN_BOOL_CONVERSION = YES;
				CLANG_WARN_CONSTANT_CONVERSION = YES;
				CLANG_WARN_DIRECT_OBJC_ISA_USAGE = YES_ERROR;
				CLANG_WARN_EMPTY_BODY = YES;
				CLANG_WARN_ENUM_CONVERSION = YES;
				CLANG_WARN_INT_CONVERSION = YES;
				CLANG_WARN_OBJC_ROOT_CLASS = YES_ERROR;
				CLANG_WARN_UNREACHABLE_CODE = YES;
				CLANG_WARN__DUPLICATE_METHOD_MATCH = YES;
				"CODE_SIGN_IDENTITY[sdk=iphoneos*]" = "iPhone Developer";
				COPY_PHASE_STRIP = NO;
				DEBUG_INFORMATION_FORMAT = "dwarf-with-dsym";
				ENABLE_NS_ASSERTIONS = NO;
				ENABLE_STRICT_OBJC_MSGSEND = YES;
				GCC_C_LANGUAGE_STANDARD = gnu99;
				GCC_NO_COMMON_BLOCKS = YES;
				GCC_WARN_64_TO_32_BIT_CONVERSION = YES;
				GCC_WARN_ABOUT_RETURN_TYPE = YES_ERROR;
				GCC_WARN_UNDECLARED_SELECTOR = YES;
				GCC_WARN_UNINITIALIZED_AUTOS = YES_AGGRESSIVE;
				GCC_WARN_UNUSED_FUNCTION = YES;
				GCC_WARN_UNUSED_VARIABLE = YES;
				IPHONEOS_DEPLOYMENT_TARGET = 8.4;
				MTL_ENABLE_DEBUG_INFO = NO;
				SDKROOT = iphoneos;
				TARGETED_DEVICE_FAMILY = "1,2";
				VALIDATE_PRODUCT = YES;
			};
			name = Release;
		};
		6661C8A51B5588490081E007 /* Debug */ = {
			isa = XCBuildConfiguration;
			buildSettings = {
				ASSETCATALOG_COMPILER_APPICON_NAME = AppIcon;
				CODE_SIGN_IDENTITY = "iPhone Developer: Rajaraman Mahalingam (8EEHK44QJ7)";
				"CODE_SIGN_IDENTITY[sdk=iphoneos*]" = "iPhone Developer";
				INFOPLIST_FILE = LaunchpadV1/Info.plist;
				IPHONEOS_DEPLOYMENT_TARGET = 8.0;
				LD_RUNPATH_SEARCH_PATHS = "$(inherited) @executable_path/Frameworks";
				PRODUCT_BUNDLE_IDENTIFIER = "com.blockrules.$(PRODUCT_NAME:rfc1034identifier)";
				PRODUCT_NAME = "$(TARGET_NAME)";
				PROVISIONING_PROFILE = "";
			};
			name = Debug;
		};
		6661C8A61B5588490081E007 /* Release */ = {
			isa = XCBuildConfiguration;
			buildSettings = {
				ASSETCATALOG_COMPILER_APPICON_NAME = AppIcon;
				CODE_SIGN_IDENTITY = "iPhone Developer: Rajaraman Mahalingam (8EEHK44QJ7)";
				"CODE_SIGN_IDENTITY[sdk=iphoneos*]" = "iPhone Developer";
				INFOPLIST_FILE = LaunchpadV1/Info.plist;
				IPHONEOS_DEPLOYMENT_TARGET = 8.0;
				LD_RUNPATH_SEARCH_PATHS = "$(inherited) @executable_path/Frameworks";
				PRODUCT_BUNDLE_IDENTIFIER = "com.blockrules.$(PRODUCT_NAME:rfc1034identifier)";
				PRODUCT_NAME = "$(TARGET_NAME)";
				PROVISIONING_PROFILE = "";
			};
			name = Release;
		};
		6661C8A81B5588490081E007 /* Debug */ = {
			isa = XCBuildConfiguration;
			buildSettings = {
				BUNDLE_LOADER = "$(TEST_HOST)";
				FRAMEWORK_SEARCH_PATHS = (
					"$(SDKROOT)/Developer/Library/Frameworks",
					"$(inherited)",
				);
				GCC_PREPROCESSOR_DEFINITIONS = (
					"DEBUG=1",
					"$(inherited)",
				);
				INFOPLIST_FILE = LaunchpadV1Tests/Info.plist;
				LD_RUNPATH_SEARCH_PATHS = "$(inherited) @executable_path/Frameworks @loader_path/Frameworks";
				PRODUCT_BUNDLE_IDENTIFIER = "com.blockrules.$(PRODUCT_NAME:rfc1034identifier)";
				PRODUCT_NAME = "$(TARGET_NAME)";
				TEST_HOST = "$(BUILT_PRODUCTS_DIR)/LaunchpadV1.app/LaunchpadV1";
			};
			name = Debug;
		};
		6661C8A91B5588490081E007 /* Release */ = {
			isa = XCBuildConfiguration;
			buildSettings = {
				BUNDLE_LOADER = "$(TEST_HOST)";
				FRAMEWORK_SEARCH_PATHS = (
					"$(SDKROOT)/Developer/Library/Frameworks",
					"$(inherited)",
				);
				INFOPLIST_FILE = LaunchpadV1Tests/Info.plist;
				LD_RUNPATH_SEARCH_PATHS = "$(inherited) @executable_path/Frameworks @loader_path/Frameworks";
				PRODUCT_BUNDLE_IDENTIFIER = "com.blockrules.$(PRODUCT_NAME:rfc1034identifier)";
				PRODUCT_NAME = "$(TARGET_NAME)";
				TEST_HOST = "$(BUILT_PRODUCTS_DIR)/LaunchpadV1.app/LaunchpadV1";
			};
			name = Release;
		};
/* End XCBuildConfiguration section */

/* Begin XCConfigurationList section */
		6661C8801B5588490081E007 /* Build configuration list for PBXProject "LaunchpadV1" */ = {
			isa = XCConfigurationList;
			buildConfigurations = (
				6661C8A21B5588490081E007 /* Debug */,
				6661C8A31B5588490081E007 /* Release */,
			);
			defaultConfigurationIsVisible = 0;
			defaultConfigurationName = Release;
		};
		6661C8A41B5588490081E007 /* Build configuration list for PBXNativeTarget "LaunchpadV1" */ = {
			isa = XCConfigurationList;
			buildConfigurations = (
				6661C8A51B5588490081E007 /* Debug */,
				6661C8A61B5588490081E007 /* Release */,
			);
			defaultConfigurationIsVisible = 0;
			defaultConfigurationName = Release;
		};
		6661C8A71B5588490081E007 /* Build configuration list for PBXNativeTarget "LaunchpadV1Tests" */ = {
			isa = XCConfigurationList;
			buildConfigurations = (
				6661C8A81B5588490081E007 /* Debug */,
				6661C8A91B5588490081E007 /* Release */,
			);
			defaultConfigurationIsVisible = 0;
			defaultConfigurationName = Release;
		};
/* End XCConfigurationList section */
	};
	rootObject = 6661C87D1B5588490081E007 /* Project object */;
}
